<?xml version="1.0" encoding="utf-8"?>
<Project ToolsVersion="4.0" xmlns="http://schemas.microsoft.com/developer/msbuild/2003">
  <ItemGroup>
    <Filter Include="Source Files">
      <UniqueIdentifier>{4FC737F1-C7A5-4376-A066-2A32D752A2FF}</UniqueIdentifier>
      <Extensions>cpp;c;cc;cxx;def;odl;idl;hpj;bat;asm;asmx</Extensions>
    </Filter>
    <Filter Include="Header Files">
      <UniqueIdentifier>{93995380-89BD-4b04-88EB-625FBE52EBFB}</UniqueIdentifier>
      <Extensions>h;hh;hpp;hxx;hm;inl;inc;xsd</Extensions>
    </Filter>
    <Filter Include="Resource Files">
      <UniqueIdentifier>{67DA6AB6-F800-4c08-8B7A-83BB121AAD01}</UniqueIdentifier>
      <Extensions>rc;ico;cur;bmp;dlg;rc2;rct;bin;rgs;gif;jpg;jpeg;jpe;resx;tiff;tif;png;wav;mfcribbon-ms</Extensions>
    </Filter>
  </ItemGroup>
  <ItemGroup>
    <ClCompile Include="..\source\util\sdl\Fps.cpp">
      <Filter>Source Files</Filter>
    </ClCompile>
    <ClCompile Include="..\source\Game.cpp">
      <Filter>Source Files</Filter>
    </ClCompile>
    <ClCompile Include="..\source\Input.cpp">
      <Filter>Source Files</Filter>
    </ClCompile>
    <ClCompile Include="..\source\Player.cpp">
      <Filter>Source Files</Filter>
    </ClCompile>
    <ClCompile Include="..\source\Portal.cpp">
      <Filter>Source Files</Filter>
    </ClCompile>
    <ClCompile Include="..\source\Window.cpp">
      <Filter>Source Files</Filter>
    </ClCompile>
    <ClCompile Include="..\source\World.cpp">
      <Filter>Source Files</Filter>
    </ClCompile>
    <ClCompile Include="..\source\assets\gui\GUIButton.cpp">
      <Filter>Source Files</Filter>
    </ClCompile>
    <ClCompile Include="..\source\assets\map\MapListLoader.cpp">
      <Filter>Source Files</Filter>
    </ClCompile>
    <ClCompile Include="..\source\assets\map\MapLoader.cpp">
      <Filter>Source Files</Filter>
    </ClCompile>
    <ClCompile Include="..\source\assets\map\XmlHelper.cpp">
      <Filter>Source Files</Filter>
    </ClCompile>
    <ClCompile Include="..\source\assets\model\MeshLoader.cpp">
      <Filter>Source Files</Filter>
    </ClCompile>
    <ClCompile Include="..\source\assets\shader\ShaderLoader.cpp">
      <Filter>Source Files</Filter>
    </ClCompile>
    <ClCompile Include="..\source\assets\text\FontLoader.cpp">
      <Filter>Source Files</Filter>
    </ClCompile>
    <ClCompile Include="..\source\assets\texture\TextureLoader.cpp">
      <Filter>Source Files</Filter>
    </ClCompile>
    <ClCompile Include="..\source\engine\BoxCollider.cpp">
      <Filter>Source Files</Filter>
    </ClCompile>
    <ClCompile Include="..\source\engine\Camera.cpp">
      <Filter>Source Files</Filter>
    </ClCompile>
    <ClCompile Include="..\source\engine\core\diag\ConsoleLogger.cpp">
      <Filter>Source Files</Filter>
    </ClCompile>
    <ClCompile Include="..\source\engine\core\diag\Logger.cpp">
      <Filter>Source Files</Filter>
    </ClCompile>
    <ClCompile Include="..\source\engine\core\file\Path.cpp">
      <Filter>Source Files</Filter>
    </ClCompile>
    <ClCompile Include="..\source\engine\core\math\Math.cpp">
      <Filter>Source Files</Filter>
    </ClCompile>
    <ClCompile Include="..\source\engine\core\math\Vector2f.cpp">
      <Filter>Source Files</Filter>
    </ClCompile>
    <ClCompile Include="..\source\engine\core\math\Vector3f.cpp">
      <Filter>Source Files</Filter>
    </ClCompile>
    <ClCompile Include="..\source\engine\env\Config.cpp">
      <Filter>Source Files</Filter>
    </ClCompile>
    <ClCompile Include="..\source\engine\env\ConfigFileParser.cpp">
      <Filter>Source Files</Filter>
    </ClCompile>
    <ClCompile Include="..\source\engine\env\Environment.cpp">
      <Filter>Source Files</Filter>
    </ClCompile>
    <ClCompile Include="..\source\engine\env\System.cpp">
      <Filter>Source Files</Filter>
    </ClCompile>
    <ClCompile Include="..\source\engine\Ray.cpp">
      <Filter>Source Files</Filter>
    </ClCompile>
    <ClCompile Include="..\source\engine\renderer\Renderer.cpp">
      <Filter>Source Files</Filter>
    </ClCompile>
    <ClCompile Include="..\source\engine\Sound.cpp">
      <Filter>Source Files</Filter>
    </ClCompile>
    <ClCompile Include="..\source\engine\trigger\Trigger.cpp">
      <Filter>Source Files</Filter>
    </ClCompile>
    <ClCompile Include="..\source\engine\core\math\Matrix4f.cpp">
      <Filter>Source Files</Filter>
    </ClCompile>
  </ItemGroup>
  <ItemGroup>
    <ClInclude Include="..\source\engine\BoxCollider.hpp">
      <Filter>Header Files</Filter>
    </ClInclude>
    <ClInclude Include="..\source\engine\env\Config.hpp">
      <Filter>Header Files</Filter>
    </ClInclude>
    <ClInclude Include="..\source\engine\env\ConfigFileParser.hpp">
      <Filter>Header Files</Filter>
    </ClInclude>
    <ClInclude Include="..\source\engine\core\diag\ConsoleLogger.hpp">
      <Filter>Header Files</Filter>
    </ClInclude>
    <ClInclude Include="..\source\engine\env\Environment.hpp">
      <Filter>Header Files</Filter>
    </ClInclude>
    <ClInclude Include="..\source\engine\Entity.hpp">
      <Filter>Header Files</Filter>
    </ClInclude>
    <ClInclude Include="..\source\assets\text\Font.hpp">
      <Filter>Header Files</Filter>
    </ClInclude>
    <ClInclude Include="..\source\assets\text\FontLoader.hpp">
      <Filter>Header Files</Filter>
    </ClInclude>
    <ClInclude Include="..\source\util\sdl\Fps.hpp">
      <Filter>Header Files</Filter>
    </ClInclude>
    <ClInclude Include="..\source\Game.hpp">
      <Filter>Header Files</Filter>
    </ClInclude>
    <ClInclude Include="..\source\assets\gui\GUIButton.hpp">
      <Filter>Header Files</Filter>
    </ClInclude>
    <ClInclude Include="..\source\Input.hpp">
      <Filter>Header Files</Filter>
    </ClInclude>
    <ClInclude Include="..\source\assets\text\Letter.hpp">
      <Filter>Header Files</Filter>
    </ClInclude>
    <ClInclude Include="..\source\engine\Light.hpp">
      <Filter>Header Files</Filter>
    </ClInclude>
    <ClInclude Include="..\source\engine\core\diag\Logger.hpp">
      <Filter>Header Files</Filter>
    </ClInclude>
    <ClInclude Include="..\source\assets\map\MapListLoader.hpp">
      <Filter>Header Files</Filter>
    </ClInclude>
    <ClInclude Include="..\source\assets\map\MapLoader.hpp">
      <Filter>Header Files</Filter>
    </ClInclude>
    <ClInclude Include="..\source\engine\core\math\Math.hpp">
      <Filter>Header Files</Filter>
    </ClInclude>
    <ClInclude Include="..\source\assets\model\Mesh.hpp">
      <Filter>Header Files</Filter>
    </ClInclude>
    <ClInclude Include="..\source\assets\model\MeshLoader.hpp">
      <Filter>Header Files</Filter>
    </ClInclude>
    <ClInclude Include="..\source\engine\core\file\Path.hpp">
      <Filter>Header Files</Filter>
    </ClInclude>
    <ClInclude Include="..\source\Player.hpp">
      <Filter>Header Files</Filter>
    </ClInclude>
    <ClInclude Include="..\source\Portal.hpp">
      <Filter>Header Files</Filter>
    </ClInclude>
    <ClInclude Include="..\source\engine\Ray.hpp">
      <Filter>Header Files</Filter>
    </ClInclude>
    <ClInclude Include="..\source\engine\renderer\Renderer.hpp">
      <Filter>Header Files</Filter>
    </ClInclude>
    <ClInclude Include="..\source\assets\scene\Scene.hpp">
      <Filter>Header Files</Filter>
    </ClInclude>
    <ClInclude Include="..\source\assets\shader\Shader.hpp">
      <Filter>Header Files</Filter>
    </ClInclude>
    <ClInclude Include="..\source\assets\shader\ShaderLoader.hpp">
      <Filter>Header Files</Filter>
    </ClInclude>
    <ClInclude Include="..\source\engine\Sound.hpp">
      <Filter>Header Files</Filter>
    </ClInclude>
    <ClInclude Include="..\source\engine\env\System.hpp">
      <Filter>Header Files</Filter>
    </ClInclude>
    <ClInclude Include="..\source\assets\texture\Texture.hpp">
      <Filter>Header Files</Filter>
    </ClInclude>
    <ClInclude Include="..\source\engine\trigger\Trigger.hpp">
      <Filter>Header Files</Filter>
    </ClInclude>
    <ClInclude Include="..\source\World.hpp">
      <Filter>Header Files</Filter>
    </ClInclude>
    <ClInclude Include="..\source\Window.hpp">
      <Filter>Header Files</Filter>
    </ClInclude>
    <ClInclude Include="..\source\engine\core\math\Vector3f.hpp">
      <Filter>Header Files</Filter>
    </ClInclude>
    <ClInclude Include="..\source\engine\core\math\Vector2f.hpp">
      <Filter>Header Files</Filter>
    </ClInclude>
    <ClInclude Include="..\source\assets\map\XmlHelper.hpp">
      <Filter>Header Files</Filter>
    </ClInclude>
    <ClInclude Include="..\source\assets\texture\TextureLoader.hpp">
      <Filter>Header Files</Filter>
    </ClInclude>
    <ClInclude Include="..\source\engine\Camera.hpp">
      <Filter>Header Files</Filter>
    </ClInclude>
    <ClInclude Include="..\source\engine\core\math\Matrix4f.hpp">
      <Filter>Header Files</Filter>
    </ClInclude>
  </ItemGroup>
</Project>